PODS:
  - FlutterMacOS (1.0.0)
  - genkit_foundation_models (0.0.1):
    - Flutter
    - FlutterMacOS

DEPENDENCIES:
  - FlutterMacOS (from `Flutter/ephemeral`)
  - genkit_foundation_models (from `Flutter/ephemeral/.symlinks/plugins/genkit_foundation_models/darwin`)

EXTERNAL SOURCES:
  FlutterMacOS:
    :path: Flutter/ephemeral
  genkit_foundation_models:
    :path: Flutter/ephemeral/.symlinks/plugins/genkit_foundation_models/darwin

SPEC CHECKSUMS:
  FlutterMacOS: d0db08ddef1a9af05a5ec4b724367152bb0500b1
  genkit_foundation_models: ad7297061ea3f9ae0d056727713988cde7193d98

PODFILE CHECKSUM: 224cb1c0d6f5312abfc2477bcb5c7f1fca2574fb

COCOAPODS: 1.16.2
